
Microsoft Visual Studio Solution File, Format Version 12.00
# Visual Studio Version 17
VisualStudioVersion = 17.10.35027.167
MinimumVisualStudioVersion = 10.0.40219.1
Project("{FAE04EC0-301F-11D3-BF4B-00C04F79EFBC}") = "Detect Pangram", "Detect Pangram\Detect Pangram.csproj", "{A89579B6-531C-48DF-98EF-485F48B7A1F3}"
EndProject
Global
	GlobalSection(SolutionConfigurationPlatforms) = preSolution
		Debug|Any CPU = Debug|Any CPU
		Release|Any CPU = Release|Any CPU
	EndGlobalSection
	GlobalSection(ProjectConfigurationPlatforms) = postSolution
		{A89579B6-531C-48DF-98EF-485F48B7A1F3}.Debug|Any CPU.ActiveCfg = Debug|Any CPU
		{A89579B6-531C-48DF-98EF-485F48B7A1F3}.Debug|Any CPU.Build.0 = Debug|Any CPU
		{A89579B6-531C-48DF-98EF-485F48B7A1F3}.Release|Any CPU.ActiveCfg = Release|Any CPU
		{A89579B6-531C-48DF-98EF-485F48B7A1F3}.Release|Any CPU.Build.0 = Release|Any CPU
	EndGlobalSection
	GlobalSection(SolutionProperties) = preSolution
		HideSolutionNode = FALSE
	EndGlobalSection
	GlobalSection(ExtensibilityGlobals) = postSolution
		SolutionGuid = {BF503943-34B8-4C85-9654-B2D2F35CB437}
	EndGlobalSection
EndGlobal
